
Microsoft Visual Studio Solution File, Format Version 12.00
# Visual Studio 2013
VisualStudioVersion = 12.0.30723.0
MinimumVisualStudioVersion = 10.0.40219.1
Project("{FAE04EC0-301F-11D3-BF4B-00C04F79EFBC}") = "ExDocPcl", "ExDocPcl\ExDocPcl.csproj", "{F76C1C23-628F-40A8-8E10-616FF0012806}"
EndProject
Project("{FAE04EC0-301F-11D3-BF4B-00C04F79EFBC}") = "ExDoc.Test", "ExDoc.Test\ExDoc.Test.csproj", "{9AE770B2-C786-43C7-ABB5-45A56ABB28B6}"
EndProject
Project("{FAE04EC0-301F-11D3-BF4B-00C04F79EFBC}") = "ExHtmlPcl", "ExHtmlPcl\ExHtmlPcl.csproj", "{70FAF7E4-78FE-4C73-B914-312C3C6D05C3}"
EndProject
Project("{2150E333-8FDC-42A3-9474-1A3956D46DE8}") = ".nuget", ".nuget", "{93C6FAA9-65C6-4466-9782-09293854E910}"
	ProjectSection(SolutionItems) = preProject
		.nuget\NuGet.Config = .nuget\NuGet.Config
		.nuget\NuGet.exe = .nuget\NuGet.exe
		.nuget\NuGet.targets = .nuget\NuGet.targets
	EndProjectSection
EndProject
Project("{2150E333-8FDC-42A3-9474-1A3956D46DE8}") = "doc", "doc", "{720163D9-B077-4CD3-805C-DAB7BA4647C6}"
	ProjectSection(SolutionItems) = preProject
		README.md = README.md
	EndProjectSection
EndProject
Project("{F2A71F9B-5D33-465A-A702-920D77279786}") = "ExDocFSharp.Test", "ExDocFSharp.Test\ExDocFSharp.Test.fsproj", "{F308579B-1C71-4A9D-A371-26C6D0FCEAEE}"
EndProject
Project("{FAE04EC0-301F-11D3-BF4B-00C04F79EFBC}") = "ExYamlPcl", "ExYamlPcl\ExYamlPcl.csproj", "{C4F5B1DF-93B9-45E2-BA3C-7BF5FCB958D4}"
EndProject
Project("{FAE04EC0-301F-11D3-BF4B-00C04F79EFBC}") = "ExYaml.Test", "ExYaml.Test\ExYaml.Test.csproj", "{ED709F01-E91A-4EB5-9C5F-B599CA31DCC2}"
EndProject
Project("{2150E333-8FDC-42A3-9474-1A3956D46DE8}") = "Test", "Test", "{51E31C7B-A896-40F5-A04E-0F93625E1C69}"
EndProject
Project("{FAE04EC0-301F-11D3-BF4B-00C04F79EFBC}") = "ExJsonPcl", "ExJsonPcl\ExJsonPcl.csproj", "{CABF902D-413D-473E-8300-0392B94C0D14}"
EndProject
Project("{FAE04EC0-301F-11D3-BF4B-00C04F79EFBC}") = "ExJson.Test", "ExJson.Test\ExJson.Test.csproj", "{ECF9D461-A2F4-4CB2-A07B-D27D8B0897E8}"
EndProject
Project("{2150E333-8FDC-42A3-9474-1A3956D46DE8}") = "pack", "pack", "{8CEF4FD9-3582-4CF2-99D9-FA4AB704E645}"
	ProjectSection(SolutionItems) = preProject
		nuget\ExDoc.nuspec = nuget\ExDoc.nuspec
		nuget\ExHtml.nuspec = nuget\ExHtml.nuspec
		nuget\ExJson.nuspec = nuget\ExJson.nuspec
		nuget\ExYaml.nuspec = nuget\ExYaml.nuspec
	EndProjectSection
EndProject
Project("{FAE04EC0-301F-11D3-BF4B-00C04F79EFBC}") = "ExXamlPcl", "ExXamlPcl\ExXamlPcl.csproj", "{335A54B4-C0AE-4CE8-BBF4-FFD9F5979A6C}"
EndProject
Project("{FAE04EC0-301F-11D3-BF4B-00C04F79EFBC}") = "ExXaml.Test", "ExXaml.Test\ExXaml.Test.csproj", "{FE4883B8-D572-46EB-9473-16501E6EA71D}"
EndProject
Global
	GlobalSection(SolutionConfigurationPlatforms) = preSolution
		Debug|Any CPU = Debug|Any CPU
		Release|Any CPU = Release|Any CPU
	EndGlobalSection
	GlobalSection(ProjectConfigurationPlatforms) = postSolution
		{F76C1C23-628F-40A8-8E10-616FF0012806}.Debug|Any CPU.ActiveCfg = Debug|Any CPU
		{F76C1C23-628F-40A8-8E10-616FF0012806}.Debug|Any CPU.Build.0 = Debug|Any CPU
		{F76C1C23-628F-40A8-8E10-616FF0012806}.Release|Any CPU.ActiveCfg = Release|Any CPU
		{F76C1C23-628F-40A8-8E10-616FF0012806}.Release|Any CPU.Build.0 = Release|Any CPU
		{9AE770B2-C786-43C7-ABB5-45A56ABB28B6}.Debug|Any CPU.ActiveCfg = Debug|Any CPU
		{9AE770B2-C786-43C7-ABB5-45A56ABB28B6}.Debug|Any CPU.Build.0 = Debug|Any CPU
		{9AE770B2-C786-43C7-ABB5-45A56ABB28B6}.Release|Any CPU.ActiveCfg = Release|Any CPU
		{9AE770B2-C786-43C7-ABB5-45A56ABB28B6}.Release|Any CPU.Build.0 = Release|Any CPU
		{70FAF7E4-78FE-4C73-B914-312C3C6D05C3}.Debug|Any CPU.ActiveCfg = Debug|Any CPU
		{70FAF7E4-78FE-4C73-B914-312C3C6D05C3}.Debug|Any CPU.Build.0 = Debug|Any CPU
		{70FAF7E4-78FE-4C73-B914-312C3C6D05C3}.Release|Any CPU.ActiveCfg = Release|Any CPU
		{70FAF7E4-78FE-4C73-B914-312C3C6D05C3}.Release|Any CPU.Build.0 = Release|Any CPU
		{F308579B-1C71-4A9D-A371-26C6D0FCEAEE}.Debug|Any CPU.ActiveCfg = Debug|Any CPU
		{F308579B-1C71-4A9D-A371-26C6D0FCEAEE}.Debug|Any CPU.Build.0 = Debug|Any CPU
		{F308579B-1C71-4A9D-A371-26C6D0FCEAEE}.Release|Any CPU.ActiveCfg = Release|Any CPU
		{F308579B-1C71-4A9D-A371-26C6D0FCEAEE}.Release|Any CPU.Build.0 = Release|Any CPU
		{C4F5B1DF-93B9-45E2-BA3C-7BF5FCB958D4}.Debug|Any CPU.ActiveCfg = Debug|Any CPU
		{C4F5B1DF-93B9-45E2-BA3C-7BF5FCB958D4}.Debug|Any CPU.Build.0 = Debug|Any CPU
		{C4F5B1DF-93B9-45E2-BA3C-7BF5FCB958D4}.Release|Any CPU.ActiveCfg = Release|Any CPU
		{C4F5B1DF-93B9-45E2-BA3C-7BF5FCB958D4}.Release|Any CPU.Build.0 = Release|Any CPU
		{ED709F01-E91A-4EB5-9C5F-B599CA31DCC2}.Debug|Any CPU.ActiveCfg = Debug|Any CPU
		{ED709F01-E91A-4EB5-9C5F-B599CA31DCC2}.Debug|Any CPU.Build.0 = Debug|Any CPU
		{ED709F01-E91A-4EB5-9C5F-B599CA31DCC2}.Release|Any CPU.ActiveCfg = Release|Any CPU
		{ED709F01-E91A-4EB5-9C5F-B599CA31DCC2}.Release|Any CPU.Build.0 = Release|Any CPU
		{CABF902D-413D-473E-8300-0392B94C0D14}.Debug|Any CPU.ActiveCfg = Debug|Any CPU
		{CABF902D-413D-473E-8300-0392B94C0D14}.Debug|Any CPU.Build.0 = Debug|Any CPU
		{CABF902D-413D-473E-8300-0392B94C0D14}.Release|Any CPU.ActiveCfg = Release|Any CPU
		{CABF902D-413D-473E-8300-0392B94C0D14}.Release|Any CPU.Build.0 = Release|Any CPU
		{ECF9D461-A2F4-4CB2-A07B-D27D8B0897E8}.Debug|Any CPU.ActiveCfg = Debug|Any CPU
		{ECF9D461-A2F4-4CB2-A07B-D27D8B0897E8}.Debug|Any CPU.Build.0 = Debug|Any CPU
		{ECF9D461-A2F4-4CB2-A07B-D27D8B0897E8}.Release|Any CPU.ActiveCfg = Release|Any CPU
		{ECF9D461-A2F4-4CB2-A07B-D27D8B0897E8}.Release|Any CPU.Build.0 = Release|Any CPU
		{335A54B4-C0AE-4CE8-BBF4-FFD9F5979A6C}.Debug|Any CPU.ActiveCfg = Debug|Any CPU
		{335A54B4-C0AE-4CE8-BBF4-FFD9F5979A6C}.Debug|Any CPU.Build.0 = Debug|Any CPU
		{335A54B4-C0AE-4CE8-BBF4-FFD9F5979A6C}.Release|Any CPU.ActiveCfg = Release|Any CPU
		{335A54B4-C0AE-4CE8-BBF4-FFD9F5979A6C}.Release|Any CPU.Build.0 = Release|Any CPU
		{FE4883B8-D572-46EB-9473-16501E6EA71D}.Debug|Any CPU.ActiveCfg = Debug|Any CPU
		{FE4883B8-D572-46EB-9473-16501E6EA71D}.Debug|Any CPU.Build.0 = Debug|Any CPU
		{FE4883B8-D572-46EB-9473-16501E6EA71D}.Release|Any CPU.ActiveCfg = Release|Any CPU
		{FE4883B8-D572-46EB-9473-16501E6EA71D}.Release|Any CPU.Build.0 = Release|Any CPU
	EndGlobalSection
	GlobalSection(SolutionProperties) = preSolution
		HideSolutionNode = FALSE
	EndGlobalSection
	GlobalSection(NestedProjects) = preSolution
		{9AE770B2-C786-43C7-ABB5-45A56ABB28B6} = {51E31C7B-A896-40F5-A04E-0F93625E1C69}
		{F308579B-1C71-4A9D-A371-26C6D0FCEAEE} = {51E31C7B-A896-40F5-A04E-0F93625E1C69}
		{ED709F01-E91A-4EB5-9C5F-B599CA31DCC2} = {51E31C7B-A896-40F5-A04E-0F93625E1C69}
		{ECF9D461-A2F4-4CB2-A07B-D27D8B0897E8} = {51E31C7B-A896-40F5-A04E-0F93625E1C69}
		{FE4883B8-D572-46EB-9473-16501E6EA71D} = {51E31C7B-A896-40F5-A04E-0F93625E1C69}
	EndGlobalSection
EndGlobal
